lockfileVersion: 5.3

specifiers:
  '@types/node': ^10.9.4
  nan: ^2.15.0
  shm-typed-lru: 'link:'
  typescript: ^2.9.2
  typings-tester: ^0.3.1

dependencies:
  nan: 2.15.0
  shm-typed-lru: 'link:'

devDependencies:
  '@types/node': 10.17.60
  typescript: 2.9.2
  typings-tester: 0.3.2_typescript@2.9.2

packages:

  /@types/node/10.17.60:
    resolution: {integrity: sha512-F0KIgDJfy2nA3zMLmWGKxcH2ZVEtCZXHHdOQs2gSaQ27+lNeEfGxzkIw90aXswATX7AZ33tahPbzy6KAfUreVw==}
    dev: true

  /commander/2.20.3:
    resolution: {integrity: sha512-GpVkmM8vF2vQUkj2LvZmD35JxeJOLCwJ9cUkugyk2nuhbv3+mJvpLYYt+0+USMxE+oj+ey/lJEnhZw75x/OMcQ==}
    dev: true

  /nan/2.15.0:
    resolution: {integrity: sha512-8ZtvEnA2c5aYCZYd1cvgdnU6cqwixRoYg70xPLWUws5ORTa/lnw+u4amixRS/Ac5U5mQVgp9pnlSUnbNWFaWZQ==}
    dev: false

  /typescript/2.9.2:
    resolution: {integrity: sha512-Gr4p6nFNaoufRIY4NMdpQRNmgxVIGMs4Fcu/ujdYk3nAZqk7supzBE9idmvfZIlH/Cuj//dvi+019qEue9lV0w==}
    engines: {node: '>=4.2.0'}
    hasBin: true
    dev: true

  /typings-tester/0.3.2_typescript@2.9.2:
    resolution: {integrity: sha512-HjGoAM2UoGhmSKKy23TYEKkxlphdJFdix5VvqWFLzH1BJVnnwG38tpC6SXPgqhfFGfHY77RlN1K8ts0dbWBQ7A==}
    hasBin: true
    peerDependencies:
      typescript: ~2 || ~3
    dependencies:
      commander: 2.20.3
      typescript: 2.9.2
    dev: true
